
Microsoft Visual Studio Solution File, Format Version 12.00
# Visual Studio Version 17
VisualStudioVersion = 17.1.32210.238
MinimumVisualStudioVersion = 10.0.40219.1
Project("{9A19103F-16F7-4668-BE54-9A1E7A4F7556}") = "HeicToJpg", "HeicToJpg.csproj", "{555E5E66-D369-4E3D-A229-1D1044A31F02}"
EndProject
Global
	GlobalSection(SolutionConfigurationPlatforms) = preSolution
		Debug|Any CPU = Debug|Any CPU
		Release|Any CPU = Release|Any CPU
	EndGlobalSection
	GlobalSection(ProjectConfigurationPlatforms) = postSolution
		{555E5E66-D369-4E3D-A229-1D1044A31F02}.Debug|Any CPU.ActiveCfg = Debug|Any CPU
		{555E5E66-D369-4E3D-A229-1D1044A31F02}.Debug|Any CPU.Build.0 = Debug|Any CPU
		{555E5E66-D369-4E3D-A229-1D1044A31F02}.Release|Any CPU.ActiveCfg = Release|Any CPU
		{555E5E66-D369-4E3D-A229-1D1044A31F02}.Release|Any CPU.Build.0 = Release|Any CPU
	EndGlobalSection
	GlobalSection(SolutionProperties) = preSolution
		HideSolutionNode = FALSE
	EndGlobalSection
	GlobalSection(ExtensibilityGlobals) = postSolution
		SolutionGuid = {C6AE1CF0-B5E7-405A-A9B5-B8D2440A8E78}
	EndGlobalSection
EndGlobal
